dependencies:
- name: zookeeper
  repository: https://kubernetes-charts-incubator.storage.googleapis.com/
  version: 1.2.0
- name: mysql
  repository: https://kubernetes-charts.storage.googleapis.com/
  version: 0.10.2
- name: postgresql
  repository: https://kubernetes-charts.storage.googleapis.com/
  version: 3.11.7
digest: sha256:02adcdd4c2454c1e45e1c8ccd2ab8e9d59882ae62b9973478ff3fa172375dfa8
generated: "2020-03-30T22:29:38.572891+08:00"
